// !$*UTF8*$!
{
	archiveVersion = 1;
	classes = {
	};
	objectVersion = 48;
	objects = {

/* Begin PBXBuildFile section */
		6F4DF45220C6692300F9877E /* AppDelegate.swift in Sources */ = {isa = PBXBuildFile; fileRef = 6F4DF45120C6692300F9877E /* AppDelegate.swift */; };
		6F4DF45420C6692300F9877E /* ViewController.swift in Sources */ = {isa = PBXBuildFile; fileRef = 6F4DF45320C6692300F9877E /* ViewController.swift */; };
		6F4DF45720C6692300F9877E /* Main.storyboard in Resources */ = {isa = PBXBuildFile; fileRef = 6F4DF45520C6692300F9877E /* Main.storyboard */; };
		6F4DF45920C6692300F9877E /* Assets.xcassets in Resources */ = {isa = PBXBuildFile; fileRef = 6F4DF45820C6692300F9877E /* Assets.xcassets */; };
		6F4DF45C20C6692300F9877E /* LaunchScreen.storyboard in Resources */ = {isa = PBXBuildFile; fileRef = 6F4DF45A20C6692300F9877E /* LaunchScreen.storyboard */; };
		6F4DF46720C6692400F9877E /* TestPodTests.swift in Sources */ = {isa = PBXBuildFile; fileRef = 6F4DF46620C6692400F9877E /* TestPodTests.swift */; };
		6F4DF47220C6692400F9877E /* TestPodUITests.swift in Sources */ = {isa = PBXBuildFile; fileRef = 6F4DF47120C6692400F9877E /* TestPodUITests.swift */; };
/* End PBXBuildFile section */

/* Begin PBXContainerItemProxy section */
		6F4DF46320C6692400F9877E /* PBXContainerItemProxy */ = {
			isa = PBXContainerItemProxy;
			containerPortal = 6F4DF44620C6692300F9877E /* Project object */;
			proxyType = 1;
			remoteGlobalIDString = 6F4DF44D20C6692300F9877E;
			remoteInfo = TestPod;
		};
		6F4DF46E20C6692400F9877E /* PBXContainerItemProxy */ = {
			isa = PBXContainerItemProxy;
			containerPortal = 6F4DF44620C6692300F9877E /* Project object */;
			proxyType = 1;
			remoteGlobalIDString = 6F4DF44D20C6692300F9877E;
			remoteInfo = TestPod;
		};
/* End PBXContainerItemProxy section */

/* Begin PBXFileReference section */
		6F4DF44E20C6692300F9877E /* testPod_v.app */ = {isa = PBXFileReference; explicitFileType = wrapper.application; includeInIndex = 0; path = testPod_v.app; sourceTree = BUILT_PRODUCTS_DIR; };
		6F4DF45120C6692300F9877E /* AppDelegate.swift */ = {isa = PBXFileReference; lastKnownFileType = sourcecode.swift; path = AppDelegate.swift; sourceTree = "<group>"; };
		6F4DF45320C6692300F9877E /* ViewController.swift */ = {isa = PBXFileReference; lastKnownFileType = sourcecode.swift; path = ViewController.swift; sourceTree = "<group>"; };
		6F4DF45620C6692300F9877E /* Base */ = {isa = PBXFileReference; lastKnownFileType = file.storyboard; name = Base; path = Base.lproj/Main.storyboard; sourceTree = "<group>"; };
		6F4DF45820C6692300F9877E /* Assets.xcassets */ = {isa = PBXFileReference; lastKnownFileType = folder.assetcatalog; path = Assets.xcassets; sourceTree = "<group>"; };
		6F4DF45B20C6692300F9877E /* Base */ = {isa = PBXFileReference; lastKnownFileType = file.storyboard; name = Base; path = Base.lproj/LaunchScreen.storyboard; sourceTree = "<group>"; };
		6F4DF45D20C6692300F9877E /* Info.plist */ = {isa = PBXFileReference; lastKnownFileType = text.plist.xml; path = Info.plist; sourceTree = "<group>"; };
		6F4DF46220C6692400F9877E /* testPod_vTests.xctest */ = {isa = PBXFileReference; explicitFileType = wrapper.cfbundle; includeInIndex = 0; path = testPod_vTests.xctest; sourceTree = BUILT_PRODUCTS_DIR; };
		6F4DF46620C6692400F9877E /* TestPodTests.swift */ = {isa = PBXFileReference; lastKnownFileType = sourcecode.swift; path = TestPodTests.swift; sourceTree = "<group>"; };
		6F4DF46820C6692400F9877E /* Info.plist */ = {isa = PBXFileReference; lastKnownFileType = text.plist.xml; path = Info.plist; sourceTree = "<group>"; };
		6F4DF46D20C6692400F9877E /* testPod_vUITests.xctest */ = {isa = PBXFileReference; explicitFileType = wrapper.cfbundle; includeInIndex = 0; path = testPod_vUITests.xctest; sourceTree = BUILT_PRODUCTS_DIR; };
		6F4DF47120C6692400F9877E /* TestPodUITests.swift */ = {isa = PBXFileReference; lastKnownFileType = sourcecode.swift; path = TestPodUITests.swift; sourceTree = "<group>"; };
		6F4DF47320C6692400F9877E /* Info.plist */ = {isa = PBXFileReference; lastKnownFileType = text.plist.xml; path = Info.plist; sourceTree = "<group>"; };
/* End PBXFileReference section */

/* Begin PBXFrameworksBuildPhase section */
		6F4DF44B20C6692300F9877E /* Frameworks */ = {
			isa = PBXFrameworksBuildPhase;
			buildActionMask = 2147483647;
			files = (
			);
			runOnlyForDeploymentPostprocessing = 0;
		};
		6F4DF45F20C6692400F9877E /* Frameworks */ = {
			isa = PBXFrameworksBuildPhase;
			buildActionMask = 2147483647;
			files = (
			);
			runOnlyForDeploymentPostprocessing = 0;
		};
		6F4DF46A20C6692400F9877E /* Frameworks */ = {
			isa = PBXFrameworksBuildPhase;
			buildActionMask = 2147483647;
			files = (
			);
			runOnlyForDeploymentPostprocessing = 0;
		};
/* End PBXFrameworksBuildPhase section */

/* Begin PBXGroup section */
		6F4DF44520C6692300F9877E = {
			isa = PBXGroup;
			children = (
				6F4DF45020C6692300F9877E /* TestPod */,
				6F4DF46520C6692400F9877E /* TestPodTests */,
				6F4DF47020C6692400F9877E /* TestPodUITests */,
				6F4DF44F20C6692300F9877E /* Products */,
			);
			sourceTree = "<group>";
		};
		6F4DF44F20C6692300F9877E /* Products */ = {
			isa = PBXGroup;
			children = (
				6F4DF44E20C6692300F9877E /* testPod_v.app */,
				6F4DF46220C6692400F9877E /* testPod_vTests.xctest */,
				6F4DF46D20C6692400F9877E /* testPod_vUITests.xctest */,
			);
			name = Products;
			sourceTree = "<group>";
		};
		6F4DF45020C6692300F9877E /* TestPod */ = {
			isa = PBXGroup;
			children = (
				6F4DF45120C6692300F9877E /* AppDelegate.swift */,
				6F4DF45320C6692300F9877E /* ViewController.swift */,
				6F4DF45520C6692300F9877E /* Main.storyboard */,
				6F4DF45820C6692300F9877E /* Assets.xcassets */,
				6F4DF45A20C6692300F9877E /* LaunchScreen.storyboard */,
				6F4DF45D20C6692300F9877E /* Info.plist */,
			);
			path = TestPod;
			sourceTree = "<group>";
		};
		6F4DF46520C6692400F9877E /* TestPodTests */ = {
			isa = PBXGroup;
			children = (
				6F4DF46620C6692400F9877E /* TestPodTests.swift */,
				6F4DF46820C6692400F9877E /* Info.plist */,
			);
			path = TestPodTests;
			sourceTree = "<group>";
		};
		6F4DF47020C6692400F9877E /* TestPodUITests */ = {
			isa = PBXGroup;
			children = (
				6F4DF47120C6692400F9877E /* TestPodUITests.swift */,
				6F4DF47320C6692400F9877E /* Info.plist */,
			);
			path = TestPodUITests;
			sourceTree = "<group>";
		};
/* End PBXGroup section */

/* Begin PBXNativeTarget section */
		6F4DF44D20C6692300F9877E /* testPod_v */ = {
			isa = PBXNativeTarget;
			buildConfigurationList = 6F4DF47620C6692400F9877E /* Build configuration list for PBXNativeTarget "testPod_v" */;
			buildPhases = (
				6F4DF44A20C6692300F9877E /* Sources */,
				6F4DF44B20C6692300F9877E /* Frameworks */,
				6F4DF44C20C6692300F9877E /* Resources */,
			);
			buildRules = (
			);
			dependencies = (
			);
			name = testPod_v;
			productName = TestPod;
			productReference = 6F4DF44E20C6692300F9877E /* testPod_v.app */;
			productType = "com.apple.product-type.application";
		};
		6F4DF46120C6692400F9877E /* testPod_vTests */ = {
			isa = PBXNativeTarget;
			buildConfigurationList = 6F4DF47920C6692400F9877E /* Build configuration list for PBXNativeTarget "testPod_vTests" */;
			buildPhases = (
				6F4DF45E20C6692400F9877E /* Sources */,
				6F4DF45F20C6692400F9877E /* Frameworks */,
				6F4DF46020C6692400F9877E /* Resources */,
			);
			buildRules = (
			);
			dependencies = (
				6F4DF46420C6692400F9877E /* PBXTargetDependency */,
			);
			name = testPod_vTests;
			productName = TestPodTests;
			productReference = 6F4DF46220C6692400F9877E /* testPod_vTests.xctest */;
			productType = "com.apple.product-type.bundle.unit-test";
		};
		6F4DF46C20C6692400F9877E /* testPod_vUITests */ = {
			isa = PBXNativeTarget;
			buildConfigurationList = 6F4DF47C20C6692400F9877E /* Build configuration list for PBXNativeTarget "testPod_vUITests" */;
			buildPhases = (
				6F4DF46920C6692400F9877E /* Sources */,
				6F4DF46A20C6692400F9877E /* Frameworks */,
				6F4DF46B20C6692400F9877E /* Resources */,
			);
			buildRules = (
			);
			dependencies = (
				6F4DF46F20C6692400F9877E /* PBXTargetDependency */,
			);
			name = testPod_vUITests;
			productName = TestPodUITests;
			productReference = 6F4DF46D20C6692400F9877E /* testPod_vUITests.xctest */;
			productType = "com.apple.product-type.bundle.ui-testing";
		};
/* End PBXNativeTarget section */

/* Begin PBXProject section */
		6F4DF44620C6692300F9877E /* Project object */ = {
			isa = PBXProject;
			attributes = {
				LastSwiftUpdateCheck = 0920;
				LastUpgradeCheck = 0920;
				ORGANIZATIONNAME = ChildFolio;
				TargetAttributes = {
					6F4DF44D20C6692300F9877E = {
						CreatedOnToolsVersion = 9.2;
						ProvisioningStyle = Automatic;
					};
					6F4DF46120C6692400F9877E = {
						CreatedOnToolsVersion = 9.2;
						ProvisioningStyle = Automatic;
						TestTargetID = 6F4DF44D20C6692300F9877E;
					};
					6F4DF46C20C6692400F9877E = {
						CreatedOnToolsVersion = 9.2;
						ProvisioningStyle = Automatic;
						TestTargetID = 6F4DF44D20C6692300F9877E;
					};
				};
			};
			buildConfigurationList = 6F4DF44920C6692300F9877E /* Build configuration list for PBXProject "testPod_v" */;
			compatibilityVersion = "Xcode 8.0";
			developmentRegion = en;
			hasScannedForEncodings = 0;
			knownRegions = (
				en,
				Base,
			);
			mainGroup = 6F4DF44520C6692300F9877E;
			productRefGroup = 6F4DF44F20C6692300F9877E /* Products */;
			projectDirPath = "";
			projectRoot = "";
			targets = (
				6F4DF44D20C6692300F9877E /* testPod_v */,
				6F4DF46120C6692400F9877E /* testPod_vTests */,
				6F4DF46C20C6692400F9877E /* testPod_vUITests */,
			);
		};
/* End PBXProject section */

/* Begin PBXResourcesBuildPhase section */
		6F4DF44C20C6692300F9877E /* Resources */ = {
			isa = PBXResourcesBuildPhase;
			buildActionMask = 2147483647;
			files = (
				6F4DF45C20C6692300F9877E /* LaunchScreen.storyboard in Resources */,
				6F4DF45920C6692300F9877E /* Assets.xcassets in Resources */,
				6F4DF45720C6692300F9877E /* Main.storyboard in Resources */,
			);
			runOnlyForDeploymentPostprocessing = 0;
		};
		6F4DF46020C6692400F9877E /* Resources */ = {
			isa = PBXResourcesBuildPhase;
			buildActionMask = 2147483647;
			files = (
			);
			runOnlyForDeploymentPostprocessing = 0;
		};
		6F4DF46B20C6692400F9877E /* Resources */ = {
			isa = PBXResourcesBuildPhase;
			buildActionMask = 2147483647;
			files = (
			);
			runOnlyForDeploymentPostprocessing = 0;
		};
/* End PBXResourcesBuildPhase section */

/* Begin PBXSourcesBuildPhase section */
		6F4DF44A20C6692300F9877E /* Sources */ = {
			isa = PBXSourcesBuildPhase;
			buildActionMask = 2147483647;
			files = (
				6F4DF45420C6692300F9877E /* ViewController.swift in Sources */,
				6F4DF45220C6692300F9877E /* AppDelegate.swift in Sources */,
			);
			runOnlyForDeploymentPostprocessing = 0;
		};
		6F4DF45E20C6692400F9877E /* Sources */ = {
			isa = PBXSourcesBuildPhase;
			buildActionMask = 2147483647;
			files = (
				6F4DF46720C6692400F9877E /* TestPodTests.swift in Sources */,
			);
			runOnlyForDeploymentPostprocessing = 0;
		};
		6F4DF46920C6692400F9877E /* Sources */ = {
			isa = PBXSourcesBuildPhase;
			buildActionMask = 2147483647;
			files = (
				6F4DF47220C6692400F9877E /* TestPodUITests.swift in Sources */,
			);
			runOnlyForDeploymentPostprocessing = 0;
		};
/* End PBXSourcesBuildPhase section */

/* Begin PBXTargetDependency section */
		6F4DF46420C6692400F9877E /* PBXTargetDependency */ = {
			isa = PBXTargetDependency;
			target = 6F4DF44D20C6692300F9877E /* testPod_v */;
			targetProxy = 6F4DF46320C6692400F9877E /* PBXContainerItemProxy */;
		};
		6F4DF46F20C6692400F9877E /* PBXTargetDependency */ = {
			isa = PBXTargetDependency;
			target = 6F4DF44D20C6692300F9877E /* testPod_v */;
			targetProxy = 6F4DF46E20C6692400F9877E /* PBXContainerItemProxy */;
		};
/* End PBXTargetDependency section */

/* Begin PBXVariantGroup section */
		6F4DF45520C6692300F9877E /* Main.storyboard */ = {
			isa = PBXVariantGroup;
			children = (
				6F4DF45620C6692300F9877E /* Base */,
			);
			name = Main.storyboard;
			sourceTree = "<group>";
		};
		6F4DF45A20C6692300F9877E /* LaunchScreen.storyboard */ = {
			isa = PBXVariantGroup;
			children = (
				6F4DF45B20C6692300F9877E /* Base */,
			);
			name = LaunchScreen.storyboard;
			sourceTree = "<group>";
		};
/* End PBXVariantGroup section */

/* Begin XCBuildConfiguration section */
		6F4DF47420C6692400F9877E /* Debug */ = {
			isa = XCBuildConfiguration;
			buildSettings = {
				ALWAYS_SEARCH_USER_PATHS = NO;
				CLANG_ANALYZER_NONNULL = YES;
				CLANG_ANALYZER_NUMBER_OBJECT_CONVERSION = YES_AGGRESSIVE;
				CLANG_CXX_LANGUAGE_STANDARD = "gnu++14";
				CLANG_CXX_LIBRARY = "libc++";
				CLANG_ENABLE_MODULES = YES;
				CLANG_ENABLE_OBJC_ARC = YES;
				CLANG_WARN_BLOCK_CAPTURE_AUTORELEASING = YES;
				CLANG_WARN_BOOL_CONVERSION = YES;
				CLANG_WARN_COMMA = YES;
				CLANG_WARN_CONSTANT_CONVERSION = YES;
				CLANG_WARN_DIRECT_OBJC_ISA_USAGE = YES_ERROR;
				CLANG_WARN_DOCUMENTATION_COMMENTS = YES;
				CLANG_WARN_EMPTY_BODY = YES;
				CLANG_WARN_ENUM_CONVERSION = YES;
				CLANG_WARN_INFINITE_RECURSION = YES;
				CLANG_WARN_INT_CONVERSION = YES;
				CLANG_WARN_NON_LITERAL_NULL_CONVERSION = YES;
				CLANG_WARN_OBJC_LITERAL_CONVERSION = YES;
				CLANG_WARN_OBJC_ROOT_CLASS = YES_ERROR;
				CLANG_WARN_RANGE_LOOP_ANALYSIS = YES;
				CLANG_WARN_STRICT_PROTOTYPES = YES;
				CLANG_WARN_SUSPICIOUS_MOVE = YES;
				CLANG_WARN_UNGUARDED_AVAILABILITY = YES_AGGRESSIVE;
				CLANG_WARN_UNREACHABLE_CODE = YES;
				CLANG_WARN__DUPLICATE_METHOD_MATCH = YES;
				CODE_SIGN_IDENTITY = "iPhone Developer";
				COPY_PHASE_STRIP = NO;
				DEBUG_INFORMATION_FORMAT = dwarf;
				ENABLE_STRICT_OBJC_MSGSEND = YES;
				ENABLE_TESTABILITY = YES;
				GCC_C_LANGUAGE_STANDARD = gnu11;
				GCC_DYNAMIC_NO_PIC = NO;
				GCC_NO_COMMON_BLOCKS = YES;
				GCC_OPTIMIZATION_LEVEL = 0;
				GCC_PREPROCESSOR_DEFINITIONS = (
					"DEBUG=1",
					"$(inherited)",
				);
				GCC_WARN_64_TO_32_BIT_CONVERSION = YES;
				GCC_WARN_ABOUT_RETURN_TYPE = YES_ERROR;
				GCC_WARN_UNDECLARED_SELECTOR = YES;
				GCC_WARN_UNINITIALIZED_AUTOS = YES_AGGRESSIVE;
				GCC_WARN_UNUSED_FUNCTION = YES;
				GCC_WARN_UNUSED_VARIABLE = YES;
				IPHONEOS_DEPLOYMENT_TARGET = 11.2;
				MTL_ENABLE_DEBUG_INFO = YES;
				ONLY_ACTIVE_ARCH = YES;
				SDKROOT = iphoneos;
				SWIFT_ACTIVE_COMPILATION_CONDITIONS = DEBUG;
				SWIFT_OPTIMIZATION_LEVEL = "-Onone";
			};
			name = Debug;
		};
		6F4DF47520C6692400F9877E /* Release */ = {
			isa = XCBuildConfiguration;
			buildSettings = {
				ALWAYS_SEARCH_USER_PATHS = NO;
				CLANG_ANALYZER_NONNULL = YES;
				CLANG_ANALYZER_NUMBER_OBJECT_CONVERSION = YES_AGGRESSIVE;
				CLANG_CXX_LANGUAGE_STANDARD = "gnu++14";
				CLANG_CXX_LIBRARY = "libc++";
				CLANG_ENABLE_MODULES = YES;
				CLANG_ENABLE_OBJC_ARC = YES;
				CLANG_WARN_BLOCK_CAPTURE_AUTORELEASING = YES;
				CLANG_WARN_BOOL_CONVERSION = YES;
				CLANG_WARN_COMMA = YES;
				CLANG_WARN_CONSTANT_CONVERSION = YES;
				CLANG_WARN_DIRECT_OBJC_ISA_USAGE = YES_ERROR;
				CLANG_WARN_DOCUMENTATION_COMMENTS = YES;
				CLANG_WARN_EMPTY_BODY = YES;
				CLANG_WARN_ENUM_CONVERSION = YES;
				CLANG_WARN_INFINITE_RECURSION = YES;
				CLANG_WARN_INT_CONVERSION = YES;
				CLANG_WARN_NON_LITERAL_NULL_CONVERSION = YES;
				CLANG_WARN_OBJC_LITERAL_CONVERSION = YES;
				CLANG_WARN_OBJC_ROOT_CLASS = YES_ERROR;
				CLANG_WARN_RANGE_LOOP_ANALYSIS = YES;
				CLANG_WARN_STRICT_PROTOTYPES = YES;
				CLANG_WARN_SUSPICIOUS_MOVE = YES;
				CLANG_WARN_UNGUARDED_AVAILABILITY = YES_AGGRESSIVE;
				CLANG_WARN_UNREACHABLE_CODE = YES;
				CLANG_WARN__DUPLICATE_METHOD_MATCH = YES;
				CODE_SIGN_IDENTITY = "iPhone Developer";
				COPY_PHASE_STRIP = NO;
				DEBUG_INFORMATION_FORMAT = "dwarf-with-dsym";
				ENABLE_NS_ASSERTIONS = NO;
				ENABLE_STRICT_OBJC_MSGSEND = YES;
				GCC_C_LANGUAGE_STANDARD = gnu11;
				GCC_NO_COMMON_BLOCKS = YES;
				GCC_WARN_64_TO_32_BIT_CONVERSION = YES;
				GCC_WARN_ABOUT_RETURN_TYPE = YES_ERROR;
				GCC_WARN_UNDECLARED_SELECTOR = YES;
				GCC_WARN_UNINITIALIZED_AUTOS = YES_AGGRESSIVE;
				GCC_WARN_UNUSED_FUNCTION = YES;
				GCC_WARN_UNUSED_VARIABLE = YES;
				IPHONEOS_DEPLOYMENT_TARGET = 11.2;
				MTL_ENABLE_DEBUG_INFO = NO;
				SDKROOT = iphoneos;
				SWIFT_OPTIMIZATION_LEVEL = "-Owholemodule";
				VALIDATE_PRODUCT = YES;
			};
			name = Release;
		};
		6F4DF47720C6692400F9877E /* Debug */ = {
			isa = XCBuildConfiguration;
			buildSettings = {
				ASSETCATALOG_COMPILER_APPICON_NAME = AppIcon;
				CODE_SIGN_STYLE = Automatic;
				DEVELOPMENT_TEAM = 58997MF796;
				INFOPLIST_FILE = TestPod/Info.plist;
				LD_RUNPATH_SEARCH_PATHS = "$(inherited) @executable_path/Frameworks";
				PRODUCT_BUNDLE_IDENTIFIER = cv.TestPod;
				PRODUCT_NAME = "$(TARGET_NAME)";
				SWIFT_VERSION = 4.0;
				TARGETED_DEVICE_FAMILY = "1,2";
			};
			name = Debug;
		};
		6F4DF47820C6692400F9877E /* Release */ = {
			isa = XCBuildConfiguration;
			buildSettings = {
				ASSETCATALOG_COMPILER_APPICON_NAME = AppIcon;
				CODE_SIGN_STYLE = Automatic;
				DEVELOPMENT_TEAM = 58997MF796;
				INFOPLIST_FILE = TestPod/Info.plist;
				LD_RUNPATH_SEARCH_PATHS = "$(inherited) @executable_path/Frameworks";
				PRODUCT_BUNDLE_IDENTIFIER = cv.TestPod;
				PRODUCT_NAME = "$(TARGET_NAME)";
				SWIFT_VERSION = 4.0;
				TARGETED_DEVICE_FAMILY = "1,2";
			};
			name = Release;
		};
		6F4DF47A20C6692400F9877E /* Debug */ = {
			isa = XCBuildConfiguration;
			buildSettings = {
				ALWAYS_EMBED_SWIFT_STANDARD_LIBRARIES = YES;
				BUNDLE_LOADER = "$(TEST_HOST)";
				CODE_SIGN_STYLE = Automatic;
				DEVELOPMENT_TEAM = 58997MF796;
				INFOPLIST_FILE = TestPodTests/Info.plist;
				LD_RUNPATH_SEARCH_PATHS = "$(inherited) @executable_path/Frameworks @loader_path/Frameworks";
				PRODUCT_BUNDLE_IDENTIFIER = cv.TestPodTests;
				PRODUCT_NAME = "$(TARGET_NAME)";
				SWIFT_VERSION = 4.0;
				TARGETED_DEVICE_FAMILY = "1,2";
				TEST_HOST = "$(BUILT_PRODUCTS_DIR)/testPod_v.app/testPod_v";
			};
			name = Debug;
		};
		6F4DF47B20C6692400F9877E /* Release */ = {
			isa = XCBuildConfiguration;
			buildSettings = {
				ALWAYS_EMBED_SWIFT_STANDARD_LIBRARIES = YES;
				BUNDLE_LOADER = "$(TEST_HOST)";
				CODE_SIGN_STYLE = Automatic;
				DEVELOPMENT_TEAM = 58997MF796;
				INFOPLIST_FILE = TestPodTests/Info.plist;
				LD_RUNPATH_SEARCH_PATHS = "$(inherited) @executable_path/Frameworks @loader_path/Frameworks";
				PRODUCT_BUNDLE_IDENTIFIER = cv.TestPodTests;
				PRODUCT_NAME = "$(TARGET_NAME)";
				SWIFT_VERSION = 4.0;
				TARGETED_DEVICE_FAMILY = "1,2";
				TEST_HOST = "$(BUILT_PRODUCTS_DIR)/testPod_v.app/testPod_v";
			};
			name = Release;
		};
		6F4DF47D20C6692400F9877E /* Debug */ = {
			isa = XCBuildConfiguration;
			buildSettings = {
				ALWAYS_EMBED_SWIFT_STANDARD_LIBRARIES = YES;
				CODE_SIGN_STYLE = Automatic;
				DEVELOPMENT_TEAM = 58997MF796;
				INFOPLIST_FILE = TestPodUITests/Info.plist;
				LD_RUNPATH_SEARCH_PATHS = "$(inherited) @executable_path/Frameworks @loader_path/Frameworks";
				PRODUCT_BUNDLE_IDENTIFIER = cv.TestPodUITests;
				PRODUCT_NAME = "$(TARGET_NAME)";
				SWIFT_VERSION = 4.0;
				TARGETED_DEVICE_FAMILY = "1,2";
				TEST_TARGET_NAME = TestPod;
			};
			name = Debug;
		};
		6F4DF47E20C6692400F9877E /* Release */ = {
			isa = XCBuildConfiguration;
			buildSettings = {
				ALWAYS_EMBED_SWIFT_STANDARD_LIBRARIES = YES;
				CODE_SIGN_STYLE = Automatic;
				DEVELOPMENT_TEAM = 58997MF796;
				INFOPLIST_FILE = TestPodUITests/Info.plist;
				LD_RUNPATH_SEARCH_PATHS = "$(inherited) @executable_path/Frameworks @loader_path/Frameworks";
				PRODUCT_BUNDLE_IDENTIFIER = cv.TestPodUITests;
				PRODUCT_NAME = "$(TARGET_NAME)";
				SWIFT_VERSION = 4.0;
				TARGETED_DEVICE_FAMILY = "1,2";
				TEST_TARGET_NAME = TestPod;
			};
			name = Release;
		};
/* End XCBuildConfiguration section */

/* Begin XCConfigurationList section */
		6F4DF44920C6692300F9877E /* Build configuration list for PBXProject "testPod_v" */ = {
			isa = XCConfigurationList;
			buildConfigurations = (
				6F4DF47420C6692400F9877E /* Debug */,
				6F4DF47520C6692400F9877E /* Release */,
			);
			defaultConfigurationIsVisible = 0;
			defaultConfigurationName = Release;
		};
		6F4DF47620C6692400F9877E /* Build configuration list for PBXNativeTarget "testPod_v" */ = {
			isa = XCConfigurationList;
			buildConfigurations = (
				6F4DF47720C6692400F9877E /* Debug */,
				6F4DF47820C6692400F9877E /* Release */,
			);
			defaultConfigurationIsVisible = 0;
			defaultConfigurationName = Release;
		};
		6F4DF47920C6692400F9877E /* Build configuration list for PBXNativeTarget "testPod_vTests" */ = {
			isa = XCConfigurationList;
			buildConfigurations = (
				6F4DF47A20C6692400F9877E /* Debug */,
				6F4DF47B20C6692400F9877E /* Release */,
			);
			defaultConfigurationIsVisible = 0;
			defaultConfigurationName = Release;
		};
		6F4DF47C20C6692400F9877E /* Build configuration list for PBXNativeTarget "testPod_vUITests" */ = {
			isa = XCConfigurationList;
			buildConfigurations = (
				6F4DF47D20C6692400F9877E /* Debug */,
				6F4DF47E20C6692400F9877E /* Release */,
			);
			defaultConfigurationIsVisible = 0;
			defaultConfigurationName = Release;
		};
/* End XCConfigurationList section */
	};
	rootObject = 6F4DF44620C6692300F9877E /* Project object */;
}
